{
  "nodes": {
    "home-manager": {
      "inputs": {
        "nixpkgs": [
          "nixpkgs"
        ]
      },
      "locked": {
        "lastModified": 1701728041,
        "narHash": "sha256-x0pyrI1vC8evVDxCxyO6olOyr4wlFg9+VS3C3p4xFYQ=",
        "owner": "nix-community",
        "repo": "home-manager",
        "rev": "ac7216918cd65f3824ba7817dea8f22e61221eaf",
        "type": "github"
      },
      "original": {
        "owner": "nix-community",
        "repo": "home-manager",
        "type": "github"
      }
    },
    "nixpkgs": {
      "locked": {
        "lastModified": 1701436327,
        "narHash": "sha256-tRHbnoNI8SIM5O5xuxOmtSLnswEByzmnQcGGyNRjxsE=",
        "owner": "nixos",
        "repo": "nixpkgs",
        "rev": "91050ea1e57e50388fa87a3302ba12d188ef723a",
        "type": "github"
      },
      "original": {
        "owner": "nixos",
        "ref": "nixos-unstable",
        "repo": "nixpkgs",
        "type": "github"
      }
    },
    "nur": {
      "locked": {
        "lastModified": 1701759933,
        "narHash": "sha256-WsLw2kTIur+dpRrBqFYVhBPOmHNImRP+RNbzhlwGSzU=",
        "owner": "nix-community",
        "repo": "NUR",
        "rev": "08b1a36f1fa8b7ab990b8188b23624ed3615e8f8",
        "type": "github"
      },
      "original": {
        "owner": "nix-community",
        "repo": "NUR",
        "type": "github"
      }
    },
    "root": {
      "inputs": {
        "home-manager": "home-manager",
        "nixpkgs": "nixpkgs",
        "nur": "nur"
      }
    }
  },
  "root": "root",
  "version": 7
}
